# @generated - this file is auto-generated by `mise lock` https://mise.en.dev/dev-tools/mise-lock.html

[[tools."aqua:linebender/resvg"]]
version = "0.47.0"
backend = "aqua:linebender/resvg"

[[tools."aqua:supabase/cli"]]
version = "2.98.2"
backend = "aqua:supabase/cli"

[tools."aqua:supabase/cli"."platforms.linux-arm64"]
checksum = "sha256:d82f8533301cf24111c4a04d146cdb9c06a0496ed64c5a2f52f00a3cc55cbef7"
url = "https://github.com/supabase/cli/releases/download/v2.98.2/supabase_linux_arm64.tar.gz"

[tools."aqua:supabase/cli"."platforms.linux-arm64-musl"]
checksum = "sha256:d82f8533301cf24111c4a04d146cdb9c06a0496ed64c5a2f52f00a3cc55cbef7"
url = "https://github.com/supabase/cli/releases/download/v2.98.2/supabase_linux_arm64.tar.gz"

[tools."aqua:supabase/cli"."platforms.linux-x64"]
checksum = "sha256:0f59df9e6837e876f309e0b4f47005133c51296e85a02727b2927f33ed9adb2d"
url = "https://github.com/supabase/cli/releases/download/v2.98.2/supabase_linux_amd64.tar.gz"

[tools."aqua:supabase/cli"."platforms.linux-x64-musl"]
checksum = "sha256:0f59df9e6837e876f309e0b4f47005133c51296e85a02727b2927f33ed9adb2d"
url = "https://github.com/supabase/cli/releases/download/v2.98.2/supabase_linux_amd64.tar.gz"

[tools."aqua:supabase/cli"."platforms.macos-arm64"]
checksum = "sha256:d29d34b2cc1299b98ae03202309962b692993e2b1934d45870912b26af89f03d"
url = "https://github.com/supabase/cli/releases/download/v2.98.2/supabase_darwin_arm64.tar.gz"

[tools."aqua:supabase/cli"."platforms.macos-x64"]
checksum = "sha256:d11af509b945510ba01cb33d151b5749a687bfbaacb64a1a0d832c9cd1f12d30"
url = "https://github.com/supabase/cli/releases/download/v2.98.2/supabase_darwin_amd64.tar.gz"

[tools."aqua:supabase/cli"."platforms.windows-x64"]
checksum = "sha256:b2c923bcceed8451d4c332545dba15e87dbf4e2505d200cd3a8e25583ef2751d"
url = "https://github.com/supabase/cli/releases/download/v2.98.2/supabase_windows_amd64.tar.gz"

[[tools.deno]]
version = "2.1.4"
backend = "core:deno"

[tools.deno."platforms.linux-arm64"]
checksum = "sha256:93ad8efe6f60da8566652dfd39cf2a23cb0e35d8c6d6faac7392a917d2b50039"
url = "https://dl.deno.land/release/v2.1.4/deno-aarch64-unknown-linux-gnu.zip"

[tools.deno."platforms.linux-arm64-musl"]
checksum = "sha256:93ad8efe6f60da8566652dfd39cf2a23cb0e35d8c6d6faac7392a917d2b50039"
url = "https://dl.deno.land/release/v2.1.4/deno-aarch64-unknown-linux-gnu.zip"

[tools.deno."platforms.linux-x64"]
checksum = "sha256:54a81939cccb2af114c4d0a68a554cf4a04b1f08728e70f663f83781de19d785"
url = "https://dl.deno.land/release/v2.1.4/deno-x86_64-unknown-linux-gnu.zip"

[tools.deno."platforms.linux-x64-musl"]
checksum = "sha256:54a81939cccb2af114c4d0a68a554cf4a04b1f08728e70f663f83781de19d785"
url = "https://dl.deno.land/release/v2.1.4/deno-x86_64-unknown-linux-gnu.zip"

[tools.deno."platforms.macos-arm64"]
checksum = "sha256:65efe137ee28846427ae7b6c5135439744065ad59ccb3c8cd19e69af066e2db0"
url = "https://dl.deno.land/release/v2.1.4/deno-aarch64-apple-darwin.zip"

[tools.deno."platforms.macos-x64"]
checksum = "sha256:fe537f538790a3edf141e4a1abc6d3e5f714b20f6427bd48808d98a9a94000f5"
url = "https://dl.deno.land/release/v2.1.4/deno-x86_64-apple-darwin.zip"

[tools.deno."platforms.windows-x64"]
checksum = "sha256:Algorithm"
url = "https://dl.deno.land/release/v2.1.4/deno-x86_64-pc-windows-msvc.zip"

[[tools.pipx]]
version = "1.14.0"
backend = "aqua:pypa/pipx"

[tools.pipx."platforms.linux-arm64"]
checksum = "sha256:017bf39b852bb3db51db094eca85b71e3719a4513c5834489f5e7ffc6da5d931"
url = "https://github.com/pypa/pipx/releases/download/1.14.0/pipx.pyz"

[tools.pipx."platforms.linux-arm64-musl"]
checksum = "sha256:017bf39b852bb3db51db094eca85b71e3719a4513c5834489f5e7ffc6da5d931"
url = "https://github.com/pypa/pipx/releases/download/1.14.0/pipx.pyz"

[tools.pipx."platforms.linux-x64"]
checksum = "sha256:017bf39b852bb3db51db094eca85b71e3719a4513c5834489f5e7ffc6da5d931"
url = "https://github.com/pypa/pipx/releases/download/1.14.0/pipx.pyz"

[tools.pipx."platforms.linux-x64-musl"]
checksum = "sha256:017bf39b852bb3db51db094eca85b71e3719a4513c5834489f5e7ffc6da5d931"
url = "https://github.com/pypa/pipx/releases/download/1.14.0/pipx.pyz"

[tools.pipx."platforms.macos-arm64"]
checksum = "sha256:017bf39b852bb3db51db094eca85b71e3719a4513c5834489f5e7ffc6da5d931"
url = "https://github.com/pypa/pipx/releases/download/1.14.0/pipx.pyz"

[tools.pipx."platforms.macos-x64"]
checksum = "sha256:017bf39b852bb3db51db094eca85b71e3719a4513c5834489f5e7ffc6da5d931"
url = "https://github.com/pypa/pipx/releases/download/1.14.0/pipx.pyz"

[[tools."pipx:pebble-tool"]]
version = "5.0.38"
backend = "pipx:pebble-tool"

[[tools.python]]
version = "3.13.13"
backend = "core:python"

[tools.python."platforms.linux-arm64"]
checksum = "sha256:b396c30748c4aa2ca3990464e397bf04cdd3281a4f0464a8ad179daf96f080e2"
url = "https://github.com/astral-sh/python-build-standalone/releases/download/20260602/cpython-3.13.13+20260602-aarch64-unknown-linux-gnu-install_only_stripped.tar.gz"
provenance = "github-attestations"

[tools.python."platforms.linux-arm64-musl"]
checksum = "sha256:d9d48b63bdb28fc16e9414cf5af18349e1678abd5b5754fb0b39eeabaabe9a2f"
url = "https://github.com/astral-sh/python-build-standalone/releases/download/20260602/cpython-3.13.13+20260602-aarch64-unknown-linux-musl-install_only_stripped.tar.gz"
provenance = "github-attestations"

[tools.python."platforms.linux-x64"]
checksum = "sha256:c249d2b96af6912c3910f234b96aa8d20d30e8b0c46d0584fa956d7a77036ea9"
url = "https://github.com/astral-sh/python-build-standalone/releases/download/20260602/cpython-3.13.13+20260602-x86_64-unknown-linux-gnu-install_only_stripped.tar.gz"
provenance = "github-attestations"

[tools.python."platforms.linux-x64-musl"]
checksum = "sha256:5d9a053d28c9d09ecd50e700df88162b0a34b64930f9a35b09a58c105927508a"
url = "https://github.com/astral-sh/python-build-standalone/releases/download/20260602/cpython-3.13.13+20260602-x86_64-unknown-linux-musl-install_only_stripped.tar.gz"
provenance = "github-attestations"

[tools.python."platforms.macos-arm64"]
checksum = "blake3:6565a0dc6c21fcdc41b5778e87f46a709325f74d3c65a7a859f49a08aef2c57a"
url = "https://github.com/astral-sh/python-build-standalone/releases/download/20260602/cpython-3.13.13+20260602-aarch64-apple-darwin-install_only_stripped.tar.gz"
provenance = "github-attestations"

[tools.python."platforms.macos-x64"]
checksum = "sha256:90761d4827285280b38e8d8ecd83f08b838f03730b891c6714e584fb0a53395d"
url = "https://github.com/astral-sh/python-build-standalone/releases/download/20260602/cpython-3.13.13+20260602-x86_64-apple-darwin-install_only_stripped.tar.gz"
provenance = "github-attestations"

[tools.python."platforms.windows-x64"]
checksum = "sha256:747876f7d97b228faccf680022de675ade6416f3e8e383efeb4976fd22a122f7"
url = "https://github.com/astral-sh/python-build-standalone/releases/download/20260602/cpython-3.13.13+20260602-x86_64-pc-windows-msvc-install_only_stripped.tar.gz"
provenance = "github-attestations"

[[tools.resvg]]
version = "0.47.0"
backend = "aqua:linebender/resvg"
